// !$*UTF8*$!
{
	archiveVersion = 1;
	classes = {
	};
	objectVersion = 46;
	objects = {

/* Begin PBXBuildFile section */
		1908B84A1E4CB87A006C895B /* GLUT.framework in Frameworks */ = {isa = PBXBuildFile; fileRef = 1908B8491E4CB87A006C895B /* GLUT.framework */; };
		1908B84C1E4CB87F006C895B /* OpenGL.framework in Frameworks */ = {isa = PBXBuildFile; fileRef = 1908B84B1E4CB87F006C895B /* OpenGL.framework */; };
		192BE3BB1E4CBD650040131F /* Engine.cpp in Sources */ = {isa = PBXBuildFile; fileRef = 192BE3B71E4CBD650040131F /* Engine.cpp */; };
		192BE3BC1E4CBD650040131F /* Scene.cpp in Sources */ = {isa = PBXBuildFile; fileRef = 192BE3B91E4CBD650040131F /* Scene.cpp */; };
		192BE3C51E4CBD8B0040131F /* Camera.cpp in Sources */ = {isa = PBXBuildFile; fileRef = 192BE3C01E4CBD8B0040131F /* Camera.cpp */; };
		192BE3C61E4CBD8B0040131F /* Texture.cpp in Sources */ = {isa = PBXBuildFile; fileRef = 192BE3C21E4CBD8B0040131F /* Texture.cpp */; };
		192BE3CA1E4CBD960040131F /* main.cpp in Sources */ = {isa = PBXBuildFile; fileRef = 192BE3C71E4CBD960040131F /* main.cpp */; };
		192BE3CB1E4CBD960040131F /* MyScene.cpp in Sources */ = {isa = PBXBuildFile; fileRef = 192BE3C81E4CBD960040131F /* MyScene.cpp */; };
		303CBF2F1EC48B9600AF7038 /* Cat.cpp in Sources */ = {isa = PBXBuildFile; fileRef = 303CBF2D1EC48B9600AF7038 /* Cat.cpp */; };
		303CBF3A1EC4979E00AF7038 /* Body.bmp in CopyFiles */ = {isa = PBXBuildFile; fileRef = 303CBF311EC495EF00AF7038 /* Body.bmp */; };
		303CBF3B1EC4979E00AF7038 /* Face.bmp in CopyFiles */ = {isa = PBXBuildFile; fileRef = 303CBF321EC495EF00AF7038 /* Face.bmp */; };
		303CBF3C1EC4979E00AF7038 /* Head.bmp in CopyFiles */ = {isa = PBXBuildFile; fileRef = 303CBF331EC495EF00AF7038 /* Head.bmp */; };
		303CBF3D1EC4979E00AF7038 /* LeftHand.bmp in CopyFiles */ = {isa = PBXBuildFile; fileRef = 303CBF341EC495EF00AF7038 /* LeftHand.bmp */; };
		303CBF3E1EC4979E00AF7038 /* LeftLeg.bmp in CopyFiles */ = {isa = PBXBuildFile; fileRef = 303CBF351EC495EF00AF7038 /* LeftLeg.bmp */; };
		303CBF3F1EC4979E00AF7038 /* Leg.bmp in CopyFiles */ = {isa = PBXBuildFile; fileRef = 303CBF361EC495EF00AF7038 /* Leg.bmp */; };
		303CBF401EC4979E00AF7038 /* RightHand.bmp in CopyFiles */ = {isa = PBXBuildFile; fileRef = 303CBF371EC495EF00AF7038 /* RightHand.bmp */; };
		303CBF411EC4979E00AF7038 /* RightLeg.bmp in CopyFiles */ = {isa = PBXBuildFile; fileRef = 303CBF381EC495EF00AF7038 /* RightLeg.bmp */; };
		303CBF431EC49BBD00AF7038 /* Hand.bmp in CopyFiles */ = {isa = PBXBuildFile; fileRef = 303CBF421EC49B5700AF7038 /* Hand.bmp */; };
		303CBF451EC4B48400AF7038 /* Back.bmp in CopyFiles */ = {isa = PBXBuildFile; fileRef = 303CBF441EC4B47E00AF7038 /* Back.bmp */; };
		303CBF491EC4C54B00AF7038 /* Chick.cpp in Sources */ = {isa = PBXBuildFile; fileRef = 303CBF471EC4C54B00AF7038 /* Chick.cpp */; };
		852A4BA91EC46EAD00E967E3 /* clock.bmp in CopyFiles */ = {isa = PBXBuildFile; fileRef = 852A4BA81EC46EA000E967E3 /* clock.bmp */; };
		852A4BAC1EC479DE00E967E3 /* lamp.cpp in Sources */ = {isa = PBXBuildFile; fileRef = 852A4BAA1EC479DE00E967E3 /* lamp.cpp */; };
		852A4BB01EC47D9C00E967E3 /* lam_stone.bmp in CopyFiles */ = {isa = PBXBuildFile; fileRef = 852A4BAD1EC47D8D00E967E3 /* lam_stone.bmp */; };
		852A4BB11EC47D9C00E967E3 /* lam_stone2.bmp in CopyFiles */ = {isa = PBXBuildFile; fileRef = 852A4BAE1EC47D8D00E967E3 /* lam_stone2.bmp */; };
		852A4BB31EC47DEE00E967E3 /* lamp.bmp in CopyFiles */ = {isa = PBXBuildFile; fileRef = 852A4BB21EC47DE300E967E3 /* lamp.bmp */; };
		852A4BBD1EC48DFF00E967E3 /* Spotlight.cpp in Sources */ = {isa = PBXBuildFile; fileRef = 852A4BBB1EC48DFF00E967E3 /* Spotlight.cpp */; };
		852A4BBF1EC4B66500E967E3 /* flag.bmp in CopyFiles */ = {isa = PBXBuildFile; fileRef = 852A4BBE1EC4B61400E967E3 /* flag.bmp */; };
		852A4BC31EC4E39200E967E3 /* CatBlock.cpp in Sources */ = {isa = PBXBuildFile; fileRef = 852A4BC11EC4E39200E967E3 /* CatBlock.cpp */; };
		852A4BC51EC4E98700E967E3 /* glass.bmp in CopyFiles */ = {isa = PBXBuildFile; fileRef = 852A4BC41EC4E95C00E967E3 /* glass.bmp */; };
		852A4BC71EC4EAE700E967E3 /* cats.bmp in CopyFiles */ = {isa = PBXBuildFile; fileRef = 852A4BC61EC4EAAC00E967E3 /* cats.bmp */; };
		854689E11EC16C4100F37BDF /* MySunlight.cpp in Sources */ = {isa = PBXBuildFile; fileRef = 854689DE1EC16C4100F37BDF /* MySunlight.cpp */; };
		854689E21EC16C4100F37BDF /* MyFloor.cpp in Sources */ = {isa = PBXBuildFile; fileRef = 854689E01EC16C4100F37BDF /* MyFloor.cpp */; };
		854689EA1EC16E6300F37BDF /* MySkybox.cpp in Sources */ = {isa = PBXBuildFile; fileRef = 854689E81EC16E6300F37BDF /* MySkybox.cpp */; };
		85EEACE41EC18B16000B37B3 /* up.bmp in CopyFiles */ = {isa = PBXBuildFile; fileRef = 85EEACDE1EC18AFE000B37B3 /* up.bmp */; };
		85EEACE51EC18B16000B37B3 /* right.bmp in CopyFiles */ = {isa = PBXBuildFile; fileRef = 85EEACDF1EC18AFE000B37B3 /* right.bmp */; };
		85EEACE61EC18B16000B37B3 /* left.bmp in CopyFiles */ = {isa = PBXBuildFile; fileRef = 85EEACE01EC18AFE000B37B3 /* left.bmp */; };
		85EEACE71EC18B16000B37B3 /* front.bmp in CopyFiles */ = {isa = PBXBuildFile; fileRef = 85EEACE11EC18AFE000B37B3 /* front.bmp */; };
		85EEACE81EC18B16000B37B3 /* down.bmp in CopyFiles */ = {isa = PBXBuildFile; fileRef = 85EEACE21EC18AFE000B37B3 /* down.bmp */; };
		85EEACE91EC18B16000B37B3 /* back.bmp in CopyFiles */ = {isa = PBXBuildFile; fileRef = 85EEACE31EC18AFE000B37B3 /* back.bmp */; };
		85EEACEF1EC19CD7000B37B3 /* TowerA.cpp in Sources */ = {isa = PBXBuildFile; fileRef = 85EEACED1EC19CD7000B37B3 /* TowerA.cpp */; };
		85EEACF61EC20761000B37B3 /* TowerB.cpp in Sources */ = {isa = PBXBuildFile; fileRef = 85EEACF41EC20761000B37B3 /* TowerB.cpp */; };
		85EEACFD1EC25983000B37B3 /* brick4.bmp in CopyFiles */ = {isa = PBXBuildFile; fileRef = 85EEACF81EC2561A000B37B3 /* brick4.bmp */; };
		85EEACFE1EC25983000B37B3 /* brick3.bmp in CopyFiles */ = {isa = PBXBuildFile; fileRef = 85EEACF91EC2561A000B37B3 /* brick3.bmp */; };
		85EEACFF1EC25983000B37B3 /* brick2.bmp in CopyFiles */ = {isa = PBXBuildFile; fileRef = 85EEACFA1EC2561A000B37B3 /* brick2.bmp */; };
		85EEAD001EC25983000B37B3 /* brick1.bmp in CopyFiles */ = {isa = PBXBuildFile; fileRef = 85EEACFB1EC2561A000B37B3 /* brick1.bmp */; };
		85EEAD101EC2DC14000B37B3 /* Tree.cpp in Sources */ = {isa = PBXBuildFile; fileRef = 85EEAD0F1EC2DC14000B37B3 /* Tree.cpp */; };
		85EEAD151EC2DC9C000B37B3 /* tree_leave.bmp in CopyFiles */ = {isa = PBXBuildFile; fileRef = 85EEAD121EC2DC80000B37B3 /* tree_leave.bmp */; };
		85EEAD161EC2DC9C000B37B3 /* tree_branch.bmp in CopyFiles */ = {isa = PBXBuildFile; fileRef = 85EEAD131EC2DC80000B37B3 /* tree_branch.bmp */; };
		85EEAD191EC2E069000B37B3 /* window.bmp in CopyFiles */ = {isa = PBXBuildFile; fileRef = 85EEAD171EC2E062000B37B3 /* window.bmp */; };
		85EEAD1A1EC2E069000B37B3 /* brick5.bmp in CopyFiles */ = {isa = PBXBuildFile; fileRef = 85EEAD181EC2E062000B37B3 /* brick5.bmp */; };
		85EEAD1C1EC2F483000B37B3 /* brick6.bmp in CopyFiles */ = {isa = PBXBuildFile; fileRef = 85EEAD1B1EC2F477000B37B3 /* brick6.bmp */; };
		85EEAD221EC3127E000B37B3 /* TowerC.cpp in Sources */ = {isa = PBXBuildFile; fileRef = 85EEAD201EC3127E000B37B3 /* TowerC.cpp */; };
		85EEAD251EC31D2A000B37B3 /* TowerD.cpp in Sources */ = {isa = PBXBuildFile; fileRef = 85EEAD231EC31D2A000B37B3 /* TowerD.cpp */; };
		85EEAD281EC328A8000B37B3 /* CastleWall.cpp in Sources */ = {isa = PBXBuildFile; fileRef = 85EEAD261EC328A8000B37B3 /* CastleWall.cpp */; };
		85EEAD421EC4093A000B37B3 /* Water.cpp in Sources */ = {isa = PBXBuildFile; fileRef = 85EEAD401EC4093A000B37B3 /* Water.cpp */; };
		85EEAD4C1EC4155A000B37B3 /* brick.bmp in CopyFiles */ = {isa = PBXBuildFile; fileRef = 85EEAD441EC413C3000B37B3 /* brick.bmp */; };
		85EEAD4D1EC4155A000B37B3 /* flower.bmp in CopyFiles */ = {isa = PBXBuildFile; fileRef = 85EEAD451EC413C3000B37B3 /* flower.bmp */; };
		85EEAD4E1EC4155A000B37B3 /* water.bmp in CopyFiles */ = {isa = PBXBuildFile; fileRef = 85EEAD461EC413C3000B37B3 /* water.bmp */; };
		85EEAD4F1EC4155A000B37B3 /* rose.bmp in CopyFiles */ = {isa = PBXBuildFile; fileRef = 85EEAD471EC413C3000B37B3 /* rose.bmp */; };
		85EEAD511EC4155A000B37B3 /* grass.bmp in CopyFiles */ = {isa = PBXBuildFile; fileRef = 85EEAD491EC413C3000B37B3 /* grass.bmp */; };
		85EEAD521EC4155A000B37B3 /* brick2.bmp in CopyFiles */ = {isa = PBXBuildFile; fileRef = 85EEAD4B1EC413C3000B37B3 /* brick2.bmp */; };
		85EEAD551EC41792000B37B3 /* Parterre.cpp in Sources */ = {isa = PBXBuildFile; fileRef = 85EEAD531EC41792000B37B3 /* Parterre.cpp */; };
/* End PBXBuildFile section */

/* Begin PBXCopyFilesBuildPhase section */
		1908B83A1E4CB814006C895B /* CopyFiles */ = {
			isa = PBXCopyFilesBuildPhase;
			buildActionMask = 12;
			dstPath = ./Textures/Skybox;
			dstSubfolderSpec = 16;
			files = (
				85EEACE41EC18B16000B37B3 /* up.bmp in CopyFiles */,
				85EEACE51EC18B16000B37B3 /* right.bmp in CopyFiles */,
				85EEACE61EC18B16000B37B3 /* left.bmp in CopyFiles */,
				85EEACE71EC18B16000B37B3 /* front.bmp in CopyFiles */,
				85EEACE81EC18B16000B37B3 /* down.bmp in CopyFiles */,
				85EEACE91EC18B16000B37B3 /* back.bmp in CopyFiles */,
			);
			runOnlyForDeploymentPostprocessing = 0;
		};
		303CBF391EC4978E00AF7038 /* CopyFiles */ = {
			isa = PBXCopyFilesBuildPhase;
			buildActionMask = 2147483647;
			dstPath = ./Textures/Cats/cat1;
			dstSubfolderSpec = 16;
			files = (
				303CBF451EC4B48400AF7038 /* Back.bmp in CopyFiles */,
				303CBF431EC49BBD00AF7038 /* Hand.bmp in CopyFiles */,
				303CBF3A1EC4979E00AF7038 /* Body.bmp in CopyFiles */,
				303CBF3B1EC4979E00AF7038 /* Face.bmp in CopyFiles */,
				303CBF3C1EC4979E00AF7038 /* Head.bmp in CopyFiles */,
				303CBF3D1EC4979E00AF7038 /* LeftHand.bmp in CopyFiles */,
				303CBF3E1EC4979E00AF7038 /* LeftLeg.bmp in CopyFiles */,
				303CBF3F1EC4979E00AF7038 /* Leg.bmp in CopyFiles */,
				303CBF401EC4979E00AF7038 /* RightHand.bmp in CopyFiles */,
				303CBF411EC4979E00AF7038 /* RightLeg.bmp in CopyFiles */,
			);
			runOnlyForDeploymentPostprocessing = 0;
		};
		85EEACFC1EC2596C000B37B3 /* CopyFiles */ = {
			isa = PBXCopyFilesBuildPhase;
			buildActionMask = 12;
			dstPath = ./Textures/Castle;
			dstSubfolderSpec = 16;
			files = (
				852A4BBF1EC4B66500E967E3 /* flag.bmp in CopyFiles */,
				852A4BA91EC46EAD00E967E3 /* clock.bmp in CopyFiles */,
				85EEAD1C1EC2F483000B37B3 /* brick6.bmp in CopyFiles */,
				85EEAD191EC2E069000B37B3 /* window.bmp in CopyFiles */,
				85EEAD1A1EC2E069000B37B3 /* brick5.bmp in CopyFiles */,
				85EEACFD1EC25983000B37B3 /* brick4.bmp in CopyFiles */,
				85EEACFE1EC25983000B37B3 /* brick3.bmp in CopyFiles */,
				85EEACFF1EC25983000B37B3 /* brick2.bmp in CopyFiles */,
				85EEAD001EC25983000B37B3 /* brick1.bmp in CopyFiles */,
			);
			runOnlyForDeploymentPostprocessing = 0;
		};
		85EEAD141EC2DC87000B37B3 /* CopyFiles */ = {
			isa = PBXCopyFilesBuildPhase;
			buildActionMask = 2147483647;
			dstPath = ./Textures/Environment;
			dstSubfolderSpec = 16;
			files = (
				852A4BC71EC4EAE700E967E3 /* cats.bmp in CopyFiles */,
				852A4BC51EC4E98700E967E3 /* glass.bmp in CopyFiles */,
				852A4BB31EC47DEE00E967E3 /* lamp.bmp in CopyFiles */,
				852A4BB01EC47D9C00E967E3 /* lam_stone.bmp in CopyFiles */,
				852A4BB11EC47D9C00E967E3 /* lam_stone2.bmp in CopyFiles */,
				85EEAD4C1EC4155A000B37B3 /* brick.bmp in CopyFiles */,
				85EEAD4D1EC4155A000B37B3 /* flower.bmp in CopyFiles */,
				85EEAD4E1EC4155A000B37B3 /* water.bmp in CopyFiles */,
				85EEAD4F1EC4155A000B37B3 /* rose.bmp in CopyFiles */,
				85EEAD511EC4155A000B37B3 /* grass.bmp in CopyFiles */,
				85EEAD521EC4155A000B37B3 /* brick2.bmp in CopyFiles */,
				85EEAD151EC2DC9C000B37B3 /* tree_leave.bmp in CopyFiles */,
				85EEAD161EC2DC9C000B37B3 /* tree_branch.bmp in CopyFiles */,
			);
			runOnlyForDeploymentPostprocessing = 0;
		};
/* End PBXCopyFilesBuildPhase section */

/* Begin PBXFileReference section */
		1908B83C1E4CB814006C895B /* G53GRA.Framework */ = {isa = PBXFileReference; explicitFileType = "compiled.mach-o.executable"; includeInIndex = 0; path = G53GRA.Framework; sourceTree = BUILT_PRODUCTS_DIR; };
		1908B8491E4CB87A006C895B /* GLUT.framework */ = {isa = PBXFileReference; lastKnownFileType = wrapper.framework; name = GLUT.framework; path = System/Library/Frameworks/GLUT.framework; sourceTree = SDKROOT; };
		1908B84B1E4CB87F006C895B /* OpenGL.framework */ = {isa = PBXFileReference; lastKnownFileType = wrapper.framework; name = OpenGL.framework; path = System/Library/Frameworks/OpenGL.framework; sourceTree = SDKROOT; };
		192BE3B71E4CBD650040131F /* Engine.cpp */ = {isa = PBXFileReference; fileEncoding = 4; lastKnownFileType = sourcecode.cpp.cpp; name = Engine.cpp; path = Framework/Engine/Engine.cpp; sourceTree = SOURCE_ROOT; };
		192BE3B81E4CBD650040131F /* Engine.h */ = {isa = PBXFileReference; fileEncoding = 4; lastKnownFileType = sourcecode.c.h; name = Engine.h; path = Framework/Engine/Engine.h; sourceTree = SOURCE_ROOT; };
		192BE3B91E4CBD650040131F /* Scene.cpp */ = {isa = PBXFileReference; fileEncoding = 4; lastKnownFileType = sourcecode.cpp.cpp; name = Scene.cpp; path = Framework/Engine/Scene.cpp; sourceTree = SOURCE_ROOT; };
		192BE3BA1E4CBD650040131F /* Scene.h */ = {isa = PBXFileReference; fileEncoding = 4; lastKnownFileType = sourcecode.c.h; name = Scene.h; path = Framework/Engine/Scene.h; sourceTree = SOURCE_ROOT; };
		192BE3BD1E4CBD790040131F /* Animation.h */ = {isa = PBXFileReference; fileEncoding = 4; lastKnownFileType = sourcecode.c.h; name = Animation.h; path = Framework/Interface/Animation.h; sourceTree = SOURCE_ROOT; };
		192BE3BE1E4CBD790040131F /* DisplayableObject.h */ = {isa = PBXFileReference; fileEncoding = 4; lastKnownFileType = sourcecode.c.h; name = DisplayableObject.h; path = Framework/Interface/DisplayableObject.h; sourceTree = SOURCE_ROOT; };
		192BE3BF1E4CBD790040131F /* Input.h */ = {isa = PBXFileReference; fileEncoding = 4; lastKnownFileType = sourcecode.c.h; name = Input.h; path = Framework/Interface/Input.h; sourceTree = SOURCE_ROOT; };
		192BE3C01E4CBD8B0040131F /* Camera.cpp */ = {isa = PBXFileReference; fileEncoding = 4; lastKnownFileType = sourcecode.cpp.cpp; name = Camera.cpp; path = Framework/Utility/Camera.cpp; sourceTree = SOURCE_ROOT; };
		192BE3C11E4CBD8B0040131F /* Camera.h */ = {isa = PBXFileReference; fileEncoding = 4; lastKnownFileType = sourcecode.c.h; name = Camera.h; path = Framework/Utility/Camera.h; sourceTree = SOURCE_ROOT; };
		192BE3C21E4CBD8B0040131F /* Texture.cpp */ = {isa = PBXFileReference; fileEncoding = 4; lastKnownFileType = sourcecode.cpp.cpp; name = Texture.cpp; path = Framework/Utility/Texture.cpp; sourceTree = SOURCE_ROOT; };
		192BE3C31E4CBD8B0040131F /* Texture.h */ = {isa = PBXFileReference; fileEncoding = 4; lastKnownFileType = sourcecode.c.h; name = Texture.h; path = Framework/Utility/Texture.h; sourceTree = SOURCE_ROOT; };
		192BE3C41E4CBD8B0040131F /* VectorMath.h */ = {isa = PBXFileReference; fileEncoding = 4; lastKnownFileType = sourcecode.c.h; name = VectorMath.h; path = Framework/Utility/VectorMath.h; sourceTree = SOURCE_ROOT; };
		192BE3C71E4CBD960040131F /* main.cpp */ = {isa = PBXFileReference; fileEncoding = 4; lastKnownFileType = sourcecode.cpp.cpp; name = main.cpp; path = Code/main.cpp; sourceTree = SOURCE_ROOT; };
		192BE3C81E4CBD960040131F /* MyScene.cpp */ = {isa = PBXFileReference; fileEncoding = 4; lastKnownFileType = sourcecode.cpp.cpp; name = MyScene.cpp; path = Code/MyScene.cpp; sourceTree = SOURCE_ROOT; };
		192BE3C91E4CBD960040131F /* MyScene.h */ = {isa = PBXFileReference; fileEncoding = 4; lastKnownFileType = sourcecode.c.h; name = MyScene.h; path = Code/MyScene.h; sourceTree = SOURCE_ROOT; };
		303CBF2D1EC48B9600AF7038 /* Cat.cpp */ = {isa = PBXFileReference; fileEncoding = 4; lastKnownFileType = sourcecode.cpp.cpp; path = Cat.cpp; sourceTree = SOURCE_ROOT; };
		303CBF2E1EC48B9600AF7038 /* Cat.hpp */ = {isa = PBXFileReference; fileEncoding = 4; lastKnownFileType = sourcecode.cpp.h; path = Cat.hpp; sourceTree = SOURCE_ROOT; };
		303CBF311EC495EF00AF7038 /* Body.bmp */ = {isa = PBXFileReference; lastKnownFileType = image.bmp; path = Body.bmp; sourceTree = "<group>"; };
		303CBF321EC495EF00AF7038 /* Face.bmp */ = {isa = PBXFileReference; lastKnownFileType = image.bmp; path = Face.bmp; sourceTree = "<group>"; };
		303CBF331EC495EF00AF7038 /* Head.bmp */ = {isa = PBXFileReference; lastKnownFileType = image.bmp; path = Head.bmp; sourceTree = "<group>"; };
		303CBF341EC495EF00AF7038 /* LeftHand.bmp */ = {isa = PBXFileReference; lastKnownFileType = image.bmp; path = LeftHand.bmp; sourceTree = "<group>"; };
		303CBF351EC495EF00AF7038 /* LeftLeg.bmp */ = {isa = PBXFileReference; lastKnownFileType = image.bmp; path = LeftLeg.bmp; sourceTree = "<group>"; };
		303CBF361EC495EF00AF7038 /* Leg.bmp */ = {isa = PBXFileReference; lastKnownFileType = image.bmp; path = Leg.bmp; sourceTree = "<group>"; };
		303CBF371EC495EF00AF7038 /* RightHand.bmp */ = {isa = PBXFileReference; lastKnownFileType = image.bmp; path = RightHand.bmp; sourceTree = "<group>"; };
		303CBF381EC495EF00AF7038 /* RightLeg.bmp */ = {isa = PBXFileReference; lastKnownFileType = image.bmp; path = RightLeg.bmp; sourceTree = "<group>"; };
		303CBF421EC49B5700AF7038 /* Hand.bmp */ = {isa = PBXFileReference; lastKnownFileType = image.bmp; path = Hand.bmp; sourceTree = "<group>"; };
		303CBF441EC4B47E00AF7038 /* Back.bmp */ = {isa = PBXFileReference; lastKnownFileType = image.bmp; path = Back.bmp; sourceTree = "<group>"; };
		303CBF471EC4C54B00AF7038 /* Chick.cpp */ = {isa = PBXFileReference; fileEncoding = 4; lastKnownFileType = sourcecode.cpp.cpp; name = Chick.cpp; path = Code/Chick/Chick.cpp; sourceTree = SOURCE_ROOT; };
		303CBF481EC4C54B00AF7038 /* Chick.hpp */ = {isa = PBXFileReference; fileEncoding = 4; lastKnownFileType = sourcecode.cpp.h; name = Chick.hpp; path = Code/Chick/Chick.hpp; sourceTree = SOURCE_ROOT; };
		852A4BA81EC46EA000E967E3 /* clock.bmp */ = {isa = PBXFileReference; lastKnownFileType = image.bmp; name = clock.bmp; path = Textures/Castle/clock.bmp; sourceTree = SOURCE_ROOT; };
		852A4BAA1EC479DE00E967E3 /* lamp.cpp */ = {isa = PBXFileReference; fileEncoding = 4; lastKnownFileType = sourcecode.cpp.cpp; name = lamp.cpp; path = Code/Environment/lamp.cpp; sourceTree = SOURCE_ROOT; };
		852A4BAB1EC479DE00E967E3 /* lamp.hpp */ = {isa = PBXFileReference; fileEncoding = 4; lastKnownFileType = sourcecode.cpp.h; name = lamp.hpp; path = Code/Environment/lamp.hpp; sourceTree = SOURCE_ROOT; };
		852A4BAD1EC47D8D00E967E3 /* lam_stone.bmp */ = {isa = PBXFileReference; lastKnownFileType = image.bmp; name = lam_stone.bmp; path = Textures/Environment/lam_stone.bmp; sourceTree = SOURCE_ROOT; };
		852A4BAE1EC47D8D00E967E3 /* lam_stone2.bmp */ = {isa = PBXFileReference; lastKnownFileType = image.bmp; name = lam_stone2.bmp; path = Textures/Environment/lam_stone2.bmp; sourceTree = SOURCE_ROOT; };
		852A4BB21EC47DE300E967E3 /* lamp.bmp */ = {isa = PBXFileReference; lastKnownFileType = image.bmp; name = lamp.bmp; path = Textures/Environment/lamp.bmp; sourceTree = SOURCE_ROOT; };
		852A4BBB1EC48DFF00E967E3 /* Spotlight.cpp */ = {isa = PBXFileReference; fileEncoding = 4; lastKnownFileType = sourcecode.cpp.cpp; name = Spotlight.cpp; path = Code/Environment/Spotlight.cpp; sourceTree = SOURCE_ROOT; };
		852A4BBC1EC48DFF00E967E3 /* Spotlight.hpp */ = {isa = PBXFileReference; fileEncoding = 4; lastKnownFileType = sourcecode.cpp.h; name = Spotlight.hpp; path = Code/Environment/Spotlight.hpp; sourceTree = SOURCE_ROOT; };
		852A4BBE1EC4B61400E967E3 /* flag.bmp */ = {isa = PBXFileReference; lastKnownFileType = image.bmp; name = flag.bmp; path = Textures/Castle/flag.bmp; sourceTree = SOURCE_ROOT; };
		852A4BC11EC4E39200E967E3 /* CatBlock.cpp */ = {isa = PBXFileReference; fileEncoding = 4; lastKnownFileType = sourcecode.cpp.cpp; name = CatBlock.cpp; path = Items/CatBlock.cpp; sourceTree = SOURCE_ROOT; };
		852A4BC21EC4E39200E967E3 /* CatBlock.hpp */ = {isa = PBXFileReference; fileEncoding = 4; lastKnownFileType = sourcecode.cpp.h; name = CatBlock.hpp; path = Items/CatBlock.hpp; sourceTree = SOURCE_ROOT; };
		852A4BC41EC4E95C00E967E3 /* glass.bmp */ = {isa = PBXFileReference; lastKnownFileType = image.bmp; name = glass.bmp; path = Textures/Environment/glass.bmp; sourceTree = SOURCE_ROOT; };
		852A4BC61EC4EAAC00E967E3 /* cats.bmp */ = {isa = PBXFileReference; lastKnownFileType = image.bmp; name = cats.bmp; path = Textures/Environment/cats.bmp; sourceTree = SOURCE_ROOT; };
		854689DD1EC16C4100F37BDF /* MySunlight.hpp */ = {isa = PBXFileReference; fileEncoding = 4; lastKnownFileType = sourcecode.cpp.h; name = MySunlight.hpp; path = Code/Environment/MySunlight.hpp; sourceTree = SOURCE_ROOT; };
		854689DE1EC16C4100F37BDF /* MySunlight.cpp */ = {isa = PBXFileReference; fileEncoding = 4; lastKnownFileType = sourcecode.cpp.cpp; name = MySunlight.cpp; path = Code/Environment/MySunlight.cpp; sourceTree = SOURCE_ROOT; };
		854689DF1EC16C4100F37BDF /* MyFloor.hpp */ = {isa = PBXFileReference; fileEncoding = 4; lastKnownFileType = sourcecode.cpp.h; name = MyFloor.hpp; path = Code/Environment/MyFloor.hpp; sourceTree = SOURCE_ROOT; };
		854689E01EC16C4100F37BDF /* MyFloor.cpp */ = {isa = PBXFileReference; fileEncoding = 4; lastKnownFileType = sourcecode.cpp.cpp; name = MyFloor.cpp; path = Code/Environment/MyFloor.cpp; sourceTree = SOURCE_ROOT; };
		854689E81EC16E6300F37BDF /* MySkybox.cpp */ = {isa = PBXFileReference; fileEncoding = 4; lastKnownFileType = sourcecode.cpp.cpp; name = MySkybox.cpp; path = Code/Environment/MySkybox.cpp; sourceTree = SOURCE_ROOT; };
		854689E91EC16E6300F37BDF /* MySkybox.hpp */ = {isa = PBXFileReference; fileEncoding = 4; lastKnownFileType = sourcecode.cpp.h; name = MySkybox.hpp; path = Code/Environment/MySkybox.hpp; sourceTree = SOURCE_ROOT; };
		85EEACDE1EC18AFE000B37B3 /* up.bmp */ = {isa = PBXFileReference; lastKnownFileType = image.bmp; name = up.bmp; path = Textures/Skybox/up.bmp; sourceTree = SOURCE_ROOT; };
		85EEACDF1EC18AFE000B37B3 /* right.bmp */ = {isa = PBXFileReference; lastKnownFileType = image.bmp; name = right.bmp; path = Textures/Skybox/right.bmp; sourceTree = SOURCE_ROOT; };
		85EEACE01EC18AFE000B37B3 /* left.bmp */ = {isa = PBXFileReference; lastKnownFileType = image.bmp; name = left.bmp; path = Textures/Skybox/left.bmp; sourceTree = SOURCE_ROOT; };
		85EEACE11EC18AFE000B37B3 /* front.bmp */ = {isa = PBXFileReference; lastKnownFileType = image.bmp; name = front.bmp; path = Textures/Skybox/front.bmp; sourceTree = SOURCE_ROOT; };
		85EEACE21EC18AFE000B37B3 /* down.bmp */ = {isa = PBXFileReference; lastKnownFileType = image.bmp; name = down.bmp; path = Textures/Skybox/down.bmp; sourceTree = SOURCE_ROOT; };
		85EEACE31EC18AFE000B37B3 /* back.bmp */ = {isa = PBXFileReference; lastKnownFileType = image.bmp; name = back.bmp; path = Textures/Skybox/back.bmp; sourceTree = SOURCE_ROOT; };
		85EEACED1EC19CD7000B37B3 /* TowerA.cpp */ = {isa = PBXFileReference; fileEncoding = 4; lastKnownFileType = sourcecode.cpp.cpp; name = TowerA.cpp; path = Code/Castle/TowerA.cpp; sourceTree = SOURCE_ROOT; };
		85EEACEE1EC19CD7000B37B3 /* TowerA.hpp */ = {isa = PBXFileReference; fileEncoding = 4; lastKnownFileType = sourcecode.cpp.h; name = TowerA.hpp; path = Code/Castle/TowerA.hpp; sourceTree = SOURCE_ROOT; };
		85EEACF21EC20088000B37B3 /* BrickUtil.hpp */ = {isa = PBXFileReference; fileEncoding = 4; lastKnownFileType = sourcecode.cpp.h; name = BrickUtil.hpp; path = Code/Utility/BrickUtil.hpp; sourceTree = SOURCE_ROOT; };
		85EEACF41EC20761000B37B3 /* TowerB.cpp */ = {isa = PBXFileReference; fileEncoding = 4; lastKnownFileType = sourcecode.cpp.cpp; name = TowerB.cpp; path = Code/Castle/TowerB.cpp; sourceTree = SOURCE_ROOT; };
		85EEACF51EC20761000B37B3 /* TowerB.hpp */ = {isa = PBXFileReference; fileEncoding = 4; lastKnownFileType = sourcecode.cpp.h; name = TowerB.hpp; path = Code/Castle/TowerB.hpp; sourceTree = SOURCE_ROOT; };
		85EEACF81EC2561A000B37B3 /* brick4.bmp */ = {isa = PBXFileReference; lastKnownFileType = image.bmp; name = brick4.bmp; path = Textures/Castle/brick4.bmp; sourceTree = SOURCE_ROOT; };
		85EEACF91EC2561A000B37B3 /* brick3.bmp */ = {isa = PBXFileReference; lastKnownFileType = image.bmp; name = brick3.bmp; path = Textures/Castle/brick3.bmp; sourceTree = SOURCE_ROOT; };
		85EEACFA1EC2561A000B37B3 /* brick2.bmp */ = {isa = PBXFileReference; lastKnownFileType = image.bmp; name = brick2.bmp; path = Textures/Castle/brick2.bmp; sourceTree = SOURCE_ROOT; };
		85EEACFB1EC2561A000B37B3 /* brick1.bmp */ = {isa = PBXFileReference; lastKnownFileType = image.bmp; name = brick1.bmp; path = Textures/Castle/brick1.bmp; sourceTree = SOURCE_ROOT; };
		85EEAD0E1EC2DC14000B37B3 /* Tree.hpp */ = {isa = PBXFileReference; fileEncoding = 4; lastKnownFileType = sourcecode.cpp.h; name = Tree.hpp; path = Code/Environment/Tree.hpp; sourceTree = SOURCE_ROOT; };
		85EEAD0F1EC2DC14000B37B3 /* Tree.cpp */ = {isa = PBXFileReference; fileEncoding = 4; lastKnownFileType = sourcecode.cpp.cpp; name = Tree.cpp; path = Code/Environment/Tree.cpp; sourceTree = SOURCE_ROOT; };
		85EEAD121EC2DC80000B37B3 /* tree_leave.bmp */ = {isa = PBXFileReference; lastKnownFileType = image.bmp; name = tree_leave.bmp; path = Textures/Environment/tree_leave.bmp; sourceTree = SOURCE_ROOT; };
		85EEAD131EC2DC80000B37B3 /* tree_branch.bmp */ = {isa = PBXFileReference; lastKnownFileType = image.bmp; name = tree_branch.bmp; path = Textures/Environment/tree_branch.bmp; sourceTree = SOURCE_ROOT; };
		85EEAD171EC2E062000B37B3 /* window.bmp */ = {isa = PBXFileReference; lastKnownFileType = image.bmp; name = window.bmp; path = Textures/Castle/window.bmp; sourceTree = SOURCE_ROOT; };
		85EEAD181EC2E062000B37B3 /* brick5.bmp */ = {isa = PBXFileReference; lastKnownFileType = image.bmp; name = brick5.bmp; path = Textures/Castle/brick5.bmp; sourceTree = SOURCE_ROOT; };
		85EEAD1B1EC2F477000B37B3 /* brick6.bmp */ = {isa = PBXFileReference; lastKnownFileType = image.bmp; name = brick6.bmp; path = Textures/Castle/brick6.bmp; sourceTree = SOURCE_ROOT; };
		85EEAD1E1EC2FB55000B37B3 /* Building.hpp */ = {isa = PBXFileReference; fileEncoding = 4; lastKnownFileType = sourcecode.cpp.h; name = Building.hpp; path = Code/Castle/Building.hpp; sourceTree = SOURCE_ROOT; };
		85EEAD201EC3127E000B37B3 /* TowerC.cpp */ = {isa = PBXFileReference; fileEncoding = 4; lastKnownFileType = sourcecode.cpp.cpp; name = TowerC.cpp; path = Code/Castle/TowerC.cpp; sourceTree = SOURCE_ROOT; };
		85EEAD211EC3127E000B37B3 /* TowerC.hpp */ = {isa = PBXFileReference; fileEncoding = 4; lastKnownFileType = sourcecode.cpp.h; name = TowerC.hpp; path = Code/Castle/TowerC.hpp; sourceTree = SOURCE_ROOT; };
		85EEAD231EC31D2A000B37B3 /* TowerD.cpp */ = {isa = PBXFileReference; fileEncoding = 4; lastKnownFileType = sourcecode.cpp.cpp; name = TowerD.cpp; path = Code/Castle/TowerD.cpp; sourceTree = SOURCE_ROOT; };
		85EEAD241EC31D2A000B37B3 /* TowerD.hpp */ = {isa = PBXFileReference; fileEncoding = 4; lastKnownFileType = sourcecode.cpp.h; name = TowerD.hpp; path = Code/Castle/TowerD.hpp; sourceTree = SOURCE_ROOT; };
		85EEAD261EC328A8000B37B3 /* CastleWall.cpp */ = {isa = PBXFileReference; fileEncoding = 4; lastKnownFileType = sourcecode.cpp.cpp; name = CastleWall.cpp; path = Code/Castle/CastleWall.cpp; sourceTree = SOURCE_ROOT; };
		85EEAD271EC328A8000B37B3 /* CastleWall.hpp */ = {isa = PBXFileReference; fileEncoding = 4; lastKnownFileType = sourcecode.cpp.h; name = CastleWall.hpp; path = Code/Castle/CastleWall.hpp; sourceTree = SOURCE_ROOT; };
		85EEAD401EC4093A000B37B3 /* Water.cpp */ = {isa = PBXFileReference; fileEncoding = 4; lastKnownFileType = sourcecode.cpp.cpp; name = Water.cpp; path = Code/Environment/Water.cpp; sourceTree = SOURCE_ROOT; };
		85EEAD411EC4093A000B37B3 /* Water.hpp */ = {isa = PBXFileReference; fileEncoding = 4; lastKnownFileType = sourcecode.cpp.h; name = Water.hpp; path = Code/Environment/Water.hpp; sourceTree = SOURCE_ROOT; };
		85EEAD441EC413C3000B37B3 /* brick.bmp */ = {isa = PBXFileReference; lastKnownFileType = image.bmp; name = brick.bmp; path = Textures/Environment/brick.bmp; sourceTree = SOURCE_ROOT; };
		85EEAD451EC413C3000B37B3 /* flower.bmp */ = {isa = PBXFileReference; lastKnownFileType = image.bmp; name = flower.bmp; path = Textures/Environment/flower.bmp; sourceTree = SOURCE_ROOT; };
		85EEAD461EC413C3000B37B3 /* water.bmp */ = {isa = PBXFileReference; lastKnownFileType = image.bmp; name = water.bmp; path = Textures/Environment/water.bmp; sourceTree = SOURCE_ROOT; };
		85EEAD471EC413C3000B37B3 /* rose.bmp */ = {isa = PBXFileReference; lastKnownFileType = image.bmp; name = rose.bmp; path = Textures/Environment/rose.bmp; sourceTree = SOURCE_ROOT; };
		85EEAD491EC413C3000B37B3 /* grass.bmp */ = {isa = PBXFileReference; lastKnownFileType = image.bmp; name = grass.bmp; path = Textures/Environment/grass.bmp; sourceTree = SOURCE_ROOT; };
		85EEAD4B1EC413C3000B37B3 /* brick2.bmp */ = {isa = PBXFileReference; lastKnownFileType = image.bmp; name = brick2.bmp; path = Textures/Environment/brick2.bmp; sourceTree = SOURCE_ROOT; };
		85EEAD531EC41792000B37B3 /* Parterre.cpp */ = {isa = PBXFileReference; fileEncoding = 4; lastKnownFileType = sourcecode.cpp.cpp; name = Parterre.cpp; path = Code/Environment/Parterre.cpp; sourceTree = SOURCE_ROOT; };
		85EEAD541EC41792000B37B3 /* Parterre.hpp */ = {isa = PBXFileReference; fileEncoding = 4; lastKnownFileType = sourcecode.cpp.h; name = Parterre.hpp; path = Code/Environment/Parterre.hpp; sourceTree = SOURCE_ROOT; };
/* End PBXFileReference section */

/* Begin PBXFrameworksBuildPhase section */
		1908B8391E4CB814006C895B /* Frameworks */ = {
			isa = PBXFrameworksBuildPhase;
			buildActionMask = 2147483647;
			files = (
				1908B84C1E4CB87F006C895B /* OpenGL.framework in Frameworks */,
				1908B84A1E4CB87A006C895B /* GLUT.framework in Frameworks */,
			);
			runOnlyForDeploymentPostprocessing = 0;
		};
/* End PBXFrameworksBuildPhase section */

/* Begin PBXGroup section */
		1908B8331E4CB814006C895B = {
			isa = PBXGroup;
			children = (
				1908B83E1E4CB814006C895B /* G53GRA.Framework */,
				1908B83D1E4CB814006C895B /* Products */,
				1908B8481E4CB87A006C895B /* Frameworks */,
			);
			sourceTree = "<group>";
		};
		1908B83D1E4CB814006C895B /* Products */ = {
			isa = PBXGroup;
			children = (
				1908B83C1E4CB814006C895B /* G53GRA.Framework */,
			);
			name = Products;
			sourceTree = "<group>";
		};
		1908B83E1E4CB814006C895B /* G53GRA.Framework */ = {
			isa = PBXGroup;
			children = (
				85EEACC41EC18578000B37B3 /* Textures */,
				192BE3B31E4CBD3B0040131F /* Framework */,
				192BE3B21E4CBD290040131F /* Code */,
			);
			path = G53GRA.Framework;
			sourceTree = "<group>";
		};
		1908B8481E4CB87A006C895B /* Frameworks */ = {
			isa = PBXGroup;
			children = (
				1908B84B1E4CB87F006C895B /* OpenGL.framework */,
				1908B8491E4CB87A006C895B /* GLUT.framework */,
			);
			name = Frameworks;
			sourceTree = "<group>";
		};
		192BE3B21E4CBD290040131F /* Code */ = {
			isa = PBXGroup;
			children = (
				852A4BC01EC4E30100E967E3 /* Items */,
				8503A26C1EC01A5E0064954B /* Castle */,
				192BE3C71E4CBD960040131F /* main.cpp */,
				192BE3C81E4CBD960040131F /* MyScene.cpp */,
				192BE3C91E4CBD960040131F /* MyScene.h */,
				854689DC1EC16B9400F37BDF /* Environment */,
			);
			name = Code;
			sourceTree = "<group>";
		};
		192BE3B31E4CBD3B0040131F /* Framework */ = {
			isa = PBXGroup;
			children = (
				192BE3B61E4CBD580040131F /* Engine */,
				192BE3B51E4CBD490040131F /* Interface */,
				192BE3B41E4CBD440040131F /* Utility */,
			);
			name = Framework;
			sourceTree = "<group>";
		};
		192BE3B41E4CBD440040131F /* Utility */ = {
			isa = PBXGroup;
			children = (
				85EEACF21EC20088000B37B3 /* BrickUtil.hpp */,
				192BE3C01E4CBD8B0040131F /* Camera.cpp */,
				192BE3C11E4CBD8B0040131F /* Camera.h */,
				192BE3C21E4CBD8B0040131F /* Texture.cpp */,
				192BE3C31E4CBD8B0040131F /* Texture.h */,
				192BE3C41E4CBD8B0040131F /* VectorMath.h */,
			);
			name = Utility;
			sourceTree = "<group>";
		};
		192BE3B51E4CBD490040131F /* Interface */ = {
			isa = PBXGroup;
			children = (
				192BE3BD1E4CBD790040131F /* Animation.h */,
				192BE3BE1E4CBD790040131F /* DisplayableObject.h */,
				192BE3BF1E4CBD790040131F /* Input.h */,
			);
			name = Interface;
			sourceTree = "<group>";
		};
		192BE3B61E4CBD580040131F /* Engine */ = {
			isa = PBXGroup;
			children = (
				192BE3B71E4CBD650040131F /* Engine.cpp */,
				192BE3B81E4CBD650040131F /* Engine.h */,
				192BE3B91E4CBD650040131F /* Scene.cpp */,
				192BE3BA1E4CBD650040131F /* Scene.h */,
			);
			name = Engine;
			sourceTree = "<group>";
		};
		303CBF301EC495EF00AF7038 /* cat1 */ = {
			isa = PBXGroup;
			children = (
				303CBF441EC4B47E00AF7038 /* Back.bmp */,
				303CBF421EC49B5700AF7038 /* Hand.bmp */,
				303CBF311EC495EF00AF7038 /* Body.bmp */,
				303CBF321EC495EF00AF7038 /* Face.bmp */,
				303CBF331EC495EF00AF7038 /* Head.bmp */,
				303CBF341EC495EF00AF7038 /* LeftHand.bmp */,
				303CBF351EC495EF00AF7038 /* LeftLeg.bmp */,
				303CBF361EC495EF00AF7038 /* Leg.bmp */,
				303CBF371EC495EF00AF7038 /* RightHand.bmp */,
				303CBF381EC495EF00AF7038 /* RightLeg.bmp */,
			);
			path = cat1;
			sourceTree = "<group>";
		};
		306191ED1EC482BC00C87817 /* Cats */ = {
			isa = PBXGroup;
			children = (
				303CBF301EC495EF00AF7038 /* cat1 */,
			);
			name = Cats;
			path = Textures/Cats;
			sourceTree = SOURCE_ROOT;
		};
		8503A26C1EC01A5E0064954B /* Castle */ = {
			isa = PBXGroup;
			children = (
				85EEACED1EC19CD7000B37B3 /* TowerA.cpp */,
				85EEACEE1EC19CD7000B37B3 /* TowerA.hpp */,
				85EEACF41EC20761000B37B3 /* TowerB.cpp */,
				85EEACF51EC20761000B37B3 /* TowerB.hpp */,
				85EEAD1E1EC2FB55000B37B3 /* Building.hpp */,
				85EEAD201EC3127E000B37B3 /* TowerC.cpp */,
				85EEAD211EC3127E000B37B3 /* TowerC.hpp */,
				85EEAD231EC31D2A000B37B3 /* TowerD.cpp */,
				85EEAD241EC31D2A000B37B3 /* TowerD.hpp */,
				85EEAD261EC328A8000B37B3 /* CastleWall.cpp */,
				85EEAD271EC328A8000B37B3 /* CastleWall.hpp */,
			);
			name = Castle;
			path = Code/Castle;
			sourceTree = "<group>";
		};
		852A4BC01EC4E30100E967E3 /* Items */ = {
			isa = PBXGroup;
			children = (
				303CBF471EC4C54B00AF7038 /* Chick.cpp */,
				303CBF481EC4C54B00AF7038 /* Chick.hpp */,
				303CBF2D1EC48B9600AF7038 /* Cat.cpp */,
				303CBF2E1EC48B9600AF7038 /* Cat.hpp */,
				852A4BC11EC4E39200E967E3 /* CatBlock.cpp */,
				852A4BC21EC4E39200E967E3 /* CatBlock.hpp */,
			);
			name = Items;
			sourceTree = "<group>";
		};
		854689DC1EC16B9400F37BDF /* Environment */ = {
			isa = PBXGroup;
			children = (
				85EEAD401EC4093A000B37B3 /* Water.cpp */,
				85EEAD411EC4093A000B37B3 /* Water.hpp */,
				85EEAD0E1EC2DC14000B37B3 /* Tree.hpp */,
				85EEAD0F1EC2DC14000B37B3 /* Tree.cpp */,
				854689DD1EC16C4100F37BDF /* MySunlight.hpp */,
				854689DE1EC16C4100F37BDF /* MySunlight.cpp */,
				854689DF1EC16C4100F37BDF /* MyFloor.hpp */,
				854689E01EC16C4100F37BDF /* MyFloor.cpp */,
				854689E81EC16E6300F37BDF /* MySkybox.cpp */,
				854689E91EC16E6300F37BDF /* MySkybox.hpp */,
				85EEAD531EC41792000B37B3 /* Parterre.cpp */,
				85EEAD541EC41792000B37B3 /* Parterre.hpp */,
				852A4BAA1EC479DE00E967E3 /* lamp.cpp */,
				852A4BAB1EC479DE00E967E3 /* lamp.hpp */,
				852A4BBB1EC48DFF00E967E3 /* Spotlight.cpp */,
				852A4BBC1EC48DFF00E967E3 /* Spotlight.hpp */,
			);
			name = Environment;
			path = Code/Environment;
			sourceTree = "<group>";
		};
		85EEACC41EC18578000B37B3 /* Textures */ = {
			isa = PBXGroup;
			children = (
				306191ED1EC482BC00C87817 /* Cats */,
				85EEAD111EC2DC6F000B37B3 /* Environment */,
				85EEACF71EC2544F000B37B3 /* Castle */,
				85EEACC51EC1858E000B37B3 /* Skybox */,
			);
			path = Textures;
			sourceTree = "<group>";
		};
		85EEACC51EC1858E000B37B3 /* Skybox */ = {
			isa = PBXGroup;
			children = (
				85EEACDE1EC18AFE000B37B3 /* up.bmp */,
				85EEACDF1EC18AFE000B37B3 /* right.bmp */,
				85EEACE01EC18AFE000B37B3 /* left.bmp */,
				85EEACE11EC18AFE000B37B3 /* front.bmp */,
				85EEACE21EC18AFE000B37B3 /* down.bmp */,
				85EEACE31EC18AFE000B37B3 /* back.bmp */,
			);
			path = Skybox;
			sourceTree = "<group>";
		};
		85EEACF71EC2544F000B37B3 /* Castle */ = {
			isa = PBXGroup;
			children = (
				852A4BBE1EC4B61400E967E3 /* flag.bmp */,
				852A4BA81EC46EA000E967E3 /* clock.bmp */,
				85EEAD1B1EC2F477000B37B3 /* brick6.bmp */,
				85EEAD171EC2E062000B37B3 /* window.bmp */,
				85EEAD181EC2E062000B37B3 /* brick5.bmp */,
				85EEACF81EC2561A000B37B3 /* brick4.bmp */,
				85EEACF91EC2561A000B37B3 /* brick3.bmp */,
				85EEACFA1EC2561A000B37B3 /* brick2.bmp */,
				85EEACFB1EC2561A000B37B3 /* brick1.bmp */,
			);
			path = Castle;
			sourceTree = "<group>";
		};
		85EEAD111EC2DC6F000B37B3 /* Environment */ = {
			isa = PBXGroup;
			children = (
				852A4BC61EC4EAAC00E967E3 /* cats.bmp */,
				852A4BC41EC4E95C00E967E3 /* glass.bmp */,
				852A4BB21EC47DE300E967E3 /* lamp.bmp */,
				852A4BAD1EC47D8D00E967E3 /* lam_stone.bmp */,
				852A4BAE1EC47D8D00E967E3 /* lam_stone2.bmp */,
				85EEAD441EC413C3000B37B3 /* brick.bmp */,
				85EEAD451EC413C3000B37B3 /* flower.bmp */,
				85EEAD461EC413C3000B37B3 /* water.bmp */,
				85EEAD471EC413C3000B37B3 /* rose.bmp */,
				85EEAD491EC413C3000B37B3 /* grass.bmp */,
				85EEAD4B1EC413C3000B37B3 /* brick2.bmp */,
				85EEAD121EC2DC80000B37B3 /* tree_leave.bmp */,
				85EEAD131EC2DC80000B37B3 /* tree_branch.bmp */,
			);
			path = Environment;
			sourceTree = "<group>";
		};
/* End PBXGroup section */

/* Begin PBXNativeTarget section */
		1908B83B1E4CB814006C895B /* G53GRA.Framework */ = {
			isa = PBXNativeTarget;
			buildConfigurationList = 1908B8431E4CB814006C895B /* Build configuration list for PBXNativeTarget "G53GRA.Framework" */;
			buildPhases = (
				1908B8381E4CB814006C895B /* Sources */,
				1908B8391E4CB814006C895B /* Frameworks */,
				1908B83A1E4CB814006C895B /* CopyFiles */,
				85EEACFC1EC2596C000B37B3 /* CopyFiles */,
				85EEAD141EC2DC87000B37B3 /* CopyFiles */,
				303CBF391EC4978E00AF7038 /* CopyFiles */,
			);
			buildRules = (
			);
			dependencies = (
			);
			name = G53GRA.Framework;
			productName = G53GRA.Framework;
			productReference = 1908B83C1E4CB814006C895B /* G53GRA.Framework */;
			productType = "com.apple.product-type.tool";
		};
/* End PBXNativeTarget section */

/* Begin PBXProject section */
		1908B8341E4CB814006C895B /* Project object */ = {
			isa = PBXProject;
			attributes = {
				LastUpgradeCheck = 0820;
				ORGANIZATIONNAME = w.o.c.ward;
				TargetAttributes = {
					1908B83B1E4CB814006C895B = {
						CreatedOnToolsVersion = 8.2.1;
						ProvisioningStyle = Automatic;
					};
				};
			};
			buildConfigurationList = 1908B8371E4CB814006C895B /* Build configuration list for PBXProject "G53GRA.Framework" */;
			compatibilityVersion = "Xcode 3.2";
			developmentRegion = English;
			hasScannedForEncodings = 0;
			knownRegions = (
				en,
			);
			mainGroup = 1908B8331E4CB814006C895B;
			productRefGroup = 1908B83D1E4CB814006C895B /* Products */;
			projectDirPath = "";
			projectRoot = "";
			targets = (
				1908B83B1E4CB814006C895B /* G53GRA.Framework */,
			);
		};
/* End PBXProject section */

/* Begin PBXSourcesBuildPhase section */
		1908B8381E4CB814006C895B /* Sources */ = {
			isa = PBXSourcesBuildPhase;
			buildActionMask = 2147483647;
			files = (
				192BE3BC1E4CBD650040131F /* Scene.cpp in Sources */,
				303CBF491EC4C54B00AF7038 /* Chick.cpp in Sources */,
				192BE3C61E4CBD8B0040131F /* Texture.cpp in Sources */,
				192BE3C51E4CBD8B0040131F /* Camera.cpp in Sources */,
				85EEACEF1EC19CD7000B37B3 /* TowerA.cpp in Sources */,
				85EEAD281EC328A8000B37B3 /* CastleWall.cpp in Sources */,
				854689E11EC16C4100F37BDF /* MySunlight.cpp in Sources */,
				854689E21EC16C4100F37BDF /* MyFloor.cpp in Sources */,
				192BE3CA1E4CBD960040131F /* main.cpp in Sources */,
				854689EA1EC16E6300F37BDF /* MySkybox.cpp in Sources */,
				85EEAD251EC31D2A000B37B3 /* TowerD.cpp in Sources */,
				85EEAD221EC3127E000B37B3 /* TowerC.cpp in Sources */,
				852A4BAC1EC479DE00E967E3 /* lamp.cpp in Sources */,
				192BE3CB1E4CBD960040131F /* MyScene.cpp in Sources */,
				303CBF2F1EC48B9600AF7038 /* Cat.cpp in Sources */,
				85EEAD101EC2DC14000B37B3 /* Tree.cpp in Sources */,
				852A4BC31EC4E39200E967E3 /* CatBlock.cpp in Sources */,
				85EEAD421EC4093A000B37B3 /* Water.cpp in Sources */,
				85EEAD551EC41792000B37B3 /* Parterre.cpp in Sources */,
				85EEACF61EC20761000B37B3 /* TowerB.cpp in Sources */,
				192BE3BB1E4CBD650040131F /* Engine.cpp in Sources */,
				852A4BBD1EC48DFF00E967E3 /* Spotlight.cpp in Sources */,
			);
			runOnlyForDeploymentPostprocessing = 0;
		};
/* End PBXSourcesBuildPhase section */

/* Begin XCBuildConfiguration section */
		1908B8411E4CB814006C895B /* Debug */ = {
			isa = XCBuildConfiguration;
			buildSettings = {
				ALWAYS_SEARCH_USER_PATHS = NO;
				CLANG_ANALYZER_NONNULL = YES;
				CLANG_CXX_LANGUAGE_STANDARD = "gnu++0x";
				CLANG_CXX_LIBRARY = "libc++";
				CLANG_ENABLE_MODULES = YES;
				CLANG_ENABLE_OBJC_ARC = YES;
				CLANG_WARN_BOOL_CONVERSION = YES;
				CLANG_WARN_CONSTANT_CONVERSION = YES;
				CLANG_WARN_DIRECT_OBJC_ISA_USAGE = YES_ERROR;
				CLANG_WARN_DOCUMENTATION_COMMENTS = YES;
				CLANG_WARN_EMPTY_BODY = YES;
				CLANG_WARN_ENUM_CONVERSION = YES;
				CLANG_WARN_INFINITE_RECURSION = YES;
				CLANG_WARN_INT_CONVERSION = YES;
				CLANG_WARN_OBJC_ROOT_CLASS = YES_ERROR;
				CLANG_WARN_SUSPICIOUS_MOVE = YES;
				CLANG_WARN_UNREACHABLE_CODE = YES;
				CLANG_WARN__DUPLICATE_METHOD_MATCH = YES;
				CODE_SIGN_IDENTITY = "-";
				COPY_PHASE_STRIP = NO;
				DEBUG_INFORMATION_FORMAT = dwarf;
				ENABLE_STRICT_OBJC_MSGSEND = YES;
				ENABLE_TESTABILITY = YES;
				GCC_C_LANGUAGE_STANDARD = gnu99;
				GCC_DYNAMIC_NO_PIC = NO;
				GCC_NO_COMMON_BLOCKS = YES;
				GCC_OPTIMIZATION_LEVEL = 0;
				GCC_PREPROCESSOR_DEFINITIONS = (
					"DEBUG=1",
					"$(inherited)",
				);
				GCC_WARN_64_TO_32_BIT_CONVERSION = YES;
				GCC_WARN_ABOUT_RETURN_TYPE = YES_ERROR;
				GCC_WARN_UNDECLARED_SELECTOR = YES;
				GCC_WARN_UNINITIALIZED_AUTOS = YES_AGGRESSIVE;
				GCC_WARN_UNUSED_FUNCTION = YES;
				GCC_WARN_UNUSED_VARIABLE = YES;
				MACOSX_DEPLOYMENT_TARGET = 10.12;
				MTL_ENABLE_DEBUG_INFO = YES;
				ONLY_ACTIVE_ARCH = YES;
				SDKROOT = macosx;
			};
			name = Debug;
		};
		1908B8421E4CB814006C895B /* Release */ = {
			isa = XCBuildConfiguration;
			buildSettings = {
				ALWAYS_SEARCH_USER_PATHS = NO;
				CLANG_ANALYZER_NONNULL = YES;
				CLANG_CXX_LANGUAGE_STANDARD = "gnu++0x";
				CLANG_CXX_LIBRARY = "libc++";
				CLANG_ENABLE_MODULES = YES;
				CLANG_ENABLE_OBJC_ARC = YES;
				CLANG_WARN_BOOL_CONVERSION = YES;
				CLANG_WARN_CONSTANT_CONVERSION = YES;
				CLANG_WARN_DIRECT_OBJC_ISA_USAGE = YES_ERROR;
				CLANG_WARN_DOCUMENTATION_COMMENTS = YES;
				CLANG_WARN_EMPTY_BODY = YES;
				CLANG_WARN_ENUM_CONVERSION = YES;
				CLANG_WARN_INFINITE_RECURSION = YES;
				CLANG_WARN_INT_CONVERSION = YES;
				CLANG_WARN_OBJC_ROOT_CLASS = YES_ERROR;
				CLANG_WARN_SUSPICIOUS_MOVE = YES;
				CLANG_WARN_UNREACHABLE_CODE = YES;
				CLANG_WARN__DUPLICATE_METHOD_MATCH = YES;
				CODE_SIGN_IDENTITY = "-";
				COPY_PHASE_STRIP = NO;
				DEBUG_INFORMATION_FORMAT = "dwarf-with-dsym";
				ENABLE_NS_ASSERTIONS = NO;
				ENABLE_STRICT_OBJC_MSGSEND = YES;
				GCC_C_LANGUAGE_STANDARD = gnu99;
				GCC_NO_COMMON_BLOCKS = YES;
				GCC_WARN_64_TO_32_BIT_CONVERSION = YES;
				GCC_WARN_ABOUT_RETURN_TYPE = YES_ERROR;
				GCC_WARN_UNDECLARED_SELECTOR = YES;
				GCC_WARN_UNINITIALIZED_AUTOS = YES_AGGRESSIVE;
				GCC_WARN_UNUSED_FUNCTION = YES;
				GCC_WARN_UNUSED_VARIABLE = YES;
				MACOSX_DEPLOYMENT_TARGET = 10.12;
				MTL_ENABLE_DEBUG_INFO = NO;
				SDKROOT = macosx;
			};
			name = Release;
		};
		1908B8441E4CB814006C895B /* Debug */ = {
			isa = XCBuildConfiguration;
			buildSettings = {
				OTHER_CFLAGS = "-Wno-deprecated";
				PRODUCT_NAME = "$(TARGET_NAME)";
			};
			name = Debug;
		};
		1908B8451E4CB814006C895B /* Release */ = {
			isa = XCBuildConfiguration;
			buildSettings = {
				OTHER_CFLAGS = "-Wno-deprecated";
				PRODUCT_NAME = "$(TARGET_NAME)";
			};
			name = Release;
		};
/* End XCBuildConfiguration section */

/* Begin XCConfigurationList section */
		1908B8371E4CB814006C895B /* Build configuration list for PBXProject "G53GRA.Framework" */ = {
			isa = XCConfigurationList;
			buildConfigurations = (
				1908B8411E4CB814006C895B /* Debug */,
				1908B8421E4CB814006C895B /* Release */,
			);
			defaultConfigurationIsVisible = 0;
			defaultConfigurationName = Debug;
		};
		1908B8431E4CB814006C895B /* Build configuration list for PBXNativeTarget "G53GRA.Framework" */ = {
			isa = XCConfigurationList;
			buildConfigurations = (
				1908B8441E4CB814006C895B /* Debug */,
				1908B8451E4CB814006C895B /* Release */,
			);
			defaultConfigurationIsVisible = 0;
			defaultConfigurationName = Debug;
		};
/* End XCConfigurationList section */
	};
	rootObject = 1908B8341E4CB814006C895B /* Project object */;
}
